
Microsoft Visual Studio Solution File, Format Version 12.00
# Visual Studio Version 17
VisualStudioVersion = 17.10.34916.146
MinimumVisualStudioVersion = 10.0.40219.1
Project("{9A19103F-16F7-4668-BE54-9A1E7A4F7556}") = "CheckersClub", "CheckersClub.csproj", "{AC12F436-468C-4E3C-9C21-FAF6481A5242}"
EndProject
Global
	GlobalSection(SolutionConfigurationPlatforms) = preSolution
		Debug|Any CPU = Debug|Any CPU
		Release|Any CPU = Release|Any CPU
	EndGlobalSection
	GlobalSection(ProjectConfigurationPlatforms) = postSolution
		{AC12F436-468C-4E3C-9C21-FAF6481A5242}.Debug|Any CPU.ActiveCfg = Debug|Any CPU
		{AC12F436-468C-4E3C-9C21-FAF6481A5242}.Debug|Any CPU.Build.0 = Debug|Any CPU
		{AC12F436-468C-4E3C-9C21-FAF6481A5242}.Release|Any CPU.ActiveCfg = Release|Any CPU
		{AC12F436-468C-4E3C-9C21-FAF6481A5242}.Release|Any CPU.Build.0 = Release|Any CPU
	EndGlobalSection
	GlobalSection(SolutionProperties) = preSolution
		HideSolutionNode = FALSE
	EndGlobalSection
	GlobalSection(ExtensibilityGlobals) = postSolution
		SolutionGuid = {EE864879-4093-4F07-BF9F-2A6B48426FA2}
	EndGlobalSection
EndGlobal
